
Microsoft Visual Studio Solution File, Format Version 12.00
# Visual Studio Version 17
VisualStudioVersion = 17.5.33530.505
MinimumVisualStudioVersion = 10.0.40219.1
Project("{FAE04EC0-301F-11D3-BF4B-00C04F79EFBC}") = "DnsTool", "DnsTool\DnsTool.csproj", "{87BB69C1-067D-4C6D-9773-988361919114}"
EndProject
Global
	GlobalSection(SolutionConfigurationPlatforms) = preSolution
		Debug|Any CPU = Debug|Any CPU
		Release|Any CPU = Release|Any CPU
	EndGlobalSection
	GlobalSection(ProjectConfigurationPlatforms) = postSolution
		{87BB69C1-067D-4C6D-9773-988361919114}.Debug|Any CPU.ActiveCfg = Debug|Any CPU
		{87BB69C1-067D-4C6D-9773-988361919114}.Debug|Any CPU.Build.0 = Debug|Any CPU
		{87BB69C1-067D-4C6D-9773-988361919114}.Release|Any CPU.ActiveCfg = Release|Any CPU
		{87BB69C1-067D-4C6D-9773-988361919114}.Release|Any CPU.Build.0 = Release|Any CPU
	EndGlobalSection
	GlobalSection(SolutionProperties) = preSolution
		HideSolutionNode = FALSE
	EndGlobalSection
	GlobalSection(ExtensibilityGlobals) = postSolution
		SolutionGuid = {48FFF574-B001-4C99-BE7B-385ECF008271}
	EndGlobalSection
EndGlobal
